<Solution>
  <Folder Name="/src/">
    <Project Path="src/Alife.Core/Alife.Core.csproj" />
    <Project Path="src/Alife.Test/Alife.Test.csproj" />
    <Project Path="src/Alife.Speech.Recognition/Alife.Speech.Recognition.csproj" />
    <Project Path="src/Alife.Speech.Synthesis/Alife.Speech.Synthesis.csproj" />
    <Project Path="src/Alife.Speech.Test/Alife.Speech.Test.csproj" />
  </Folder>
</Solution>
